
Microsoft Visual Studio Solution File, Format Version 12.00
# Visual Studio Version 16
VisualStudioVersion = 16.0.29519.87
MinimumVisualStudioVersion = 10.0.40219.1
Project("{FAE04EC0-301F-11D3-BF4B-00C04F79EFBC}") = "Team powered", "Team powered\Team powered.csproj", "{59DE84CF-45AC-4A02-9777-0393D462B1C7}"
EndProject
Global
	GlobalSection(SolutionConfigurationPlatforms) = preSolution
		Debug|Any CPU = Debug|Any CPU
		Release|Any CPU = Release|Any CPU
	EndGlobalSection
	GlobalSection(ProjectConfigurationPlatforms) = postSolution
		{59DE84CF-45AC-4A02-9777-0393D462B1C7}.Debug|Any CPU.ActiveCfg = Debug|Any CPU
		{59DE84CF-45AC-4A02-9777-0393D462B1C7}.Debug|Any CPU.Build.0 = Debug|Any CPU
		{59DE84CF-45AC-4A02-9777-0393D462B1C7}.Release|Any CPU.ActiveCfg = Release|Any CPU
		{59DE84CF-45AC-4A02-9777-0393D462B1C7}.Release|Any CPU.Build.0 = Release|Any CPU
	EndGlobalSection
	GlobalSection(SolutionProperties) = preSolution
		HideSolutionNode = FALSE
	EndGlobalSection
	GlobalSection(ExtensibilityGlobals) = postSolution
		SolutionGuid = {F859D3A2-5521-4F05-B70C-1A56709CE1F2}
	EndGlobalSection
EndGlobal
